
Microsoft Visual Studio Solution File, Format Version 12.00
Project("{F2A71F9B-5D33-465A-A702-920D77279786}") = "AoC2017", "AoC2017.fsproj", "{62023E02-7D0B-4572-B41E-9C4FA1480C81}"
EndProject
Global
	GlobalSection(SolutionConfigurationPlatforms) = preSolution
		Debug|Any CPU = Debug|Any CPU
		Release|Any CPU = Release|Any CPU
	EndGlobalSection
	GlobalSection(ProjectConfigurationPlatforms) = postSolution
		{62023E02-7D0B-4572-B41E-9C4FA1480C81}.Debug|Any CPU.ActiveCfg = Debug|Any CPU
		{62023E02-7D0B-4572-B41E-9C4FA1480C81}.Debug|Any CPU.Build.0 = Debug|Any CPU
		{62023E02-7D0B-4572-B41E-9C4FA1480C81}.Release|Any CPU.ActiveCfg = Release|Any CPU
		{62023E02-7D0B-4572-B41E-9C4FA1480C81}.Release|Any CPU.Build.0 = Release|Any CPU
	EndGlobalSection
EndGlobal
